
Microsoft Visual Studio Solution File, Format Version 12.00
# Visual Studio Version 17
VisualStudioVersion = 17.9.34616.47
MinimumVisualStudioVersion = 10.0.40219.1
Project("{FAE04EC0-301F-11D3-BF4B-00C04F79EFBC}") = "GereClientes", "GereClientes.csproj", "{B8A8C505-F941-4BD5-929B-854F0E0180FB}"
EndProject
Global
	GlobalSection(SolutionConfigurationPlatforms) = preSolution
		Debug|Any CPU = Debug|Any CPU
		Release|Any CPU = Release|Any CPU
	EndGlobalSection
	GlobalSection(ProjectConfigurationPlatforms) = postSolution
		{B8A8C505-F941-4BD5-929B-854F0E0180FB}.Debug|Any CPU.ActiveCfg = Debug|Any CPU
		{B8A8C505-F941-4BD5-929B-854F0E0180FB}.Debug|Any CPU.Build.0 = Debug|Any CPU
		{B8A8C505-F941-4BD5-929B-854F0E0180FB}.Release|Any CPU.ActiveCfg = Release|Any CPU
		{B8A8C505-F941-4BD5-929B-854F0E0180FB}.Release|Any CPU.Build.0 = Release|Any CPU
	EndGlobalSection
	GlobalSection(SolutionProperties) = preSolution
		HideSolutionNode = FALSE
	EndGlobalSection
	GlobalSection(ExtensibilityGlobals) = postSolution
		SolutionGuid = {A38B47C7-3E4E-499D-BFFE-6185A015921A}
	EndGlobalSection
EndGlobal
